# This file was autogenerated by uv via the following command:
#    uv pip compile toolchain/python.in -o toolchain/python.lock
cocotb==1.9.2
    # via -r toolchain/python.in
find-libpython==0.5.1
    # via cocotb
numpy==2.0.2
    # via pyboy
pyboy==2.7.0
    # via -r toolchain/python.in
pysdl2==0.9.17
    # via pyboy
pysdl2-dll==2.32.0
    # via pyboy
